{
  "version": 4,
  "terraform_version": "1.9.2",
  "serial": 32,
  "lineage": "0f3079f7-1b2b-f33f-9ba3-677bebf98f94",
  "outputs": {
    "external_ip_address_nat_vm": {
      "value": "158.160.118.112",
      "type": "string"
    },
    "external_ip_address_public_vm": {
      "value": "158.160.62.103",
      "type": "string"
    },
    "internal_ip_address_nat_vm": {
      "value": "192.168.10.254",
      "type": "string"
    },
    "internal_ip_address_public_vm": {
      "value": "192.168.10.22",
      "type": "string"
    }
  },
  "resources": [
    {
      "mode": "data",
      "type": "yandex_compute_image",
      "name": "ubuntu",
      "provider": "provider[\"registry.terraform.io/yandex-cloud/yandex\"]",
      "instances": [
        {
          "schema_version": 0,
          "attributes": {
            "created_at": "2024-07-08T10:57:44Z",
            "description": "ubuntu 20.04 lts",
            "family": "ubuntu-2004-lts",
            "folder_id": "standard-images",
            "id": "fd8lj9ahkhukgg67k57e",
            "image_id": "fd8lj9ahkhukgg67k57e",
            "labels": {},
            "min_disk_size": 5,
            "name": "ubuntu-20-04-lts-v20240708",
            "os_type": "linux",
            "pooled": true,
            "product_ids": [
              "f2eaqdljacsmns8dje1t"
            ],
            "size": 4,
            "status": "ready"
          },
          "sensitive_attributes": []
        }
      ]
    },
    {
      "mode": "managed",
      "type": "yandex_compute_instance",
      "name": "nat-instance",
      "provider": "provider[\"registry.terraform.io/yandex-cloud/yandex\"]",
      "instances": [
        {
          "schema_version": 1,
          "attributes": {
            "allow_recreate": null,
            "allow_stopping_for_update": null,
            "boot_disk": [
              {
                "auto_delete": true,
                "device_name": "fhmh8tbc4aekk6n2fjfg",
                "disk_id": "fhmh8tbc4aekk6n2fjfg",
                "initialize_params": [
                  {
                    "block_size": 4096,
                    "description": "",
                    "image_id": "fd80mrhj8fl2oe87o4e1",
                    "name": "root-nat-instance-vm1",
                    "size": 50,
                    "snapshot_id": "",
                    "type": "network-ssd"
                  }
                ],
                "mode": "READ_WRITE"
              }
            ],
            "created_at": "2024-07-11T12:14:11Z",
            "description": "",
            "filesystem": [],
            "folder_id": "b1gmuide8sg5l7lprdbm",
            "fqdn": "nat-instance-vm1.netology",
            "gpu_cluster_id": "",
            "hostname": "nat-instance-vm1.netology",
            "id": "fhm15qnme6tk6lc79ev8",
            "labels": null,
            "local_disk": [],
            "maintenance_grace_period": "",
            "maintenance_policy": null,
            "metadata": {
              "ssh-keys": "ubuntu:ssh-rsa AAAAB3NzaC1yc2EAAAADAQABAAABgQDUVlJAd6IQ34OZIdJZ05AAl3OTsbWRSmaw1xdwP5M/gm4/ajycx35Q2g7dMbeE49v3eVNUWmyNJSEVX3k6GEumq/X+5H7PWHNdF+Mqk5Li882mDbL29HwBdnCEToGK3Oe6SRVKWmdQHUrPBApzrtl5MGPU70NjkNZDcMdfnfTsino5dije3bMRl5nlJRQGxiOGgPT9wrGSVjHBI9x0Sicc0q0LgmcAANEGhQhJOYA1wza1a22nS1HvwgkJ299UhhVoJW+IE5iHMXFK5wpGm+LNsDtpJ+ryRD2KSwNdu6Pif1NWQQFyhFCe/frXlNTbwbl6qzdWskaSPz/NLzjlDUw7iLW15hCd4y5tiQ8dwVlbqI0PaKf8CR6WoeKZzZ/daoZpfPsycFmY64qKaTNUTUEl+UVPeuauSohhhFwH/8nsCVcecvXk/EETMNJ8sJiIWh3/1VFAkPqv5vGEdML2Qn+RkzS9SOscTi7EdondU9u5rnR97PFtTjNu57GPrM1OFAE= stv@ubuntu2\n"
            },
            "metadata_options": [
              {
                "aws_v1_http_endpoint": 1,
                "aws_v1_http_token": 2,
                "gce_http_endpoint": 1,
                "gce_http_token": 1
              }
            ],
            "name": "nat-instance-vm1",
            "network_acceleration_type": "standard",
            "network_interface": [
              {
                "dns_record": [],
                "index": 0,
                "ip_address": "192.168.10.254",
                "ipv4": true,
                "ipv6": false,
                "ipv6_address": "",
                "ipv6_dns_record": [],
                "mac_address": "d0:0d:12:ea:f6:71",
                "nat": true,
                "nat_dns_record": [],
                "nat_ip_address": "158.160.118.112",
                "nat_ip_version": "IPV4",
                "security_group_ids": [],
                "subnet_id": "e9b3egsj34t6r2kvk683"
              }
            ],
            "placement_policy": [
              {
                "host_affinity_rules": [],
                "placement_group_id": "",
                "placement_group_partition": 0
              }
            ],
            "platform_id": "standard-v1",
            "resources": [
              {
                "core_fraction": 100,
                "cores": 2,
                "gpus": 0,
                "memory": 2
              }
            ],
            "scheduling_policy": [
              {
                "preemptible": false
              }
            ],
            "secondary_disk": [],
            "service_account_id": "",
            "status": "running",
            "timeouts": null,
            "zone": "ru-central1-a"
          },
          "sensitive_attributes": [],
          "private": "eyJlMmJmYjczMC1lY2FhLTExZTYtOGY4OC0zNDM2M2JjN2M0YzAiOnsiY3JlYXRlIjozMDAwMDAwMDAwMDAsImRlbGV0ZSI6MzAwMDAwMDAwMDAwLCJ1cGRhdGUiOjMwMDAwMDAwMDAwMH0sInNjaGVtYV92ZXJzaW9uIjoiMSJ9",
          "dependencies": [
            "yandex_vpc_network.network-1",
            "yandex_vpc_subnet.subnet-public"
          ]
        }
      ]
    },
    {
      "mode": "managed",
      "type": "yandex_compute_instance",
      "name": "public-vm",
      "provider": "provider[\"registry.terraform.io/yandex-cloud/yandex\"]",
      "instances": [
        {
          "schema_version": 1,
          "attributes": {
            "allow_recreate": null,
            "allow_stopping_for_update": null,
            "boot_disk": [
              {
                "auto_delete": true,
                "device_name": "fhmqs97nb59657rvvv0t",
                "disk_id": "fhmqs97nb59657rvvv0t",
                "initialize_params": [
                  {
                    "block_size": 4096,
                    "description": "",
                    "image_id": "fd8lj9ahkhukgg67k57e",
                    "name": "stv-vm-public",
                    "size": 50,
                    "snapshot_id": "",
                    "type": "network-ssd"
                  }
                ],
                "mode": "READ_WRITE"
              }
            ],
            "created_at": "2024-07-11T12:14:11Z",
            "description": "",
            "filesystem": [],
            "folder_id": "b1gmuide8sg5l7lprdbm",
            "fqdn": "vm-public.netology",
            "gpu_cluster_id": "",
            "hostname": "vm-public.netology",
            "id": "fhmm2hqtii7uf7ncc76j",
            "labels": null,
            "local_disk": [],
            "maintenance_grace_period": "",
            "maintenance_policy": null,
            "metadata": {
              "ssh-keys": "ubuntu:ssh-rsa AAAAB3NzaC1yc2EAAAADAQABAAABgQDUVlJAd6IQ34OZIdJZ05AAl3OTsbWRSmaw1xdwP5M/gm4/ajycx35Q2g7dMbeE49v3eVNUWmyNJSEVX3k6GEumq/X+5H7PWHNdF+Mqk5Li882mDbL29HwBdnCEToGK3Oe6SRVKWmdQHUrPBApzrtl5MGPU70NjkNZDcMdfnfTsino5dije3bMRl5nlJRQGxiOGgPT9wrGSVjHBI9x0Sicc0q0LgmcAANEGhQhJOYA1wza1a22nS1HvwgkJ299UhhVoJW+IE5iHMXFK5wpGm+LNsDtpJ+ryRD2KSwNdu6Pif1NWQQFyhFCe/frXlNTbwbl6qzdWskaSPz/NLzjlDUw7iLW15hCd4y5tiQ8dwVlbqI0PaKf8CR6WoeKZzZ/daoZpfPsycFmY64qKaTNUTUEl+UVPeuauSohhhFwH/8nsCVcecvXk/EETMNJ8sJiIWh3/1VFAkPqv5vGEdML2Qn+RkzS9SOscTi7EdondU9u5rnR97PFtTjNu57GPrM1OFAE= stv@ubuntu2\n"
            },
            "metadata_options": [
              {
                "aws_v1_http_endpoint": 1,
                "aws_v1_http_token": 2,
                "gce_http_endpoint": 1,
                "gce_http_token": 1
              }
            ],
            "name": "vm-public",
            "network_acceleration_type": "standard",
            "network_interface": [
              {
                "dns_record": [],
                "index": 0,
                "ip_address": "192.168.10.22",
                "ipv4": true,
                "ipv6": false,
                "ipv6_address": "",
                "ipv6_dns_record": [],
                "mac_address": "d0:0d:16:14:75:d9",
                "nat": true,
                "nat_dns_record": [],
                "nat_ip_address": "158.160.62.103",
                "nat_ip_version": "IPV4",
                "security_group_ids": [],
                "subnet_id": "e9b3egsj34t6r2kvk683"
              }
            ],
            "placement_policy": [
              {
                "host_affinity_rules": [],
                "placement_group_id": "",
                "placement_group_partition": 0
              }
            ],
            "platform_id": "standard-v1",
            "resources": [
              {
                "core_fraction": 100,
                "cores": 2,
                "gpus": 0,
                "memory": 2
              }
            ],
            "scheduling_policy": [
              {
                "preemptible": false
              }
            ],
            "secondary_disk": [],
            "service_account_id": "",
            "status": "running",
            "timeouts": null,
            "zone": "ru-central1-a"
          },
          "sensitive_attributes": [],
          "private": "eyJlMmJmYjczMC1lY2FhLTExZTYtOGY4OC0zNDM2M2JjN2M0YzAiOnsiY3JlYXRlIjozMDAwMDAwMDAwMDAsImRlbGV0ZSI6MzAwMDAwMDAwMDAwLCJ1cGRhdGUiOjMwMDAwMDAwMDAwMH0sInNjaGVtYV92ZXJzaW9uIjoiMSJ9",
          "dependencies": [
            "data.yandex_compute_image.ubuntu",
            "yandex_vpc_network.network-1",
            "yandex_vpc_subnet.subnet-public"
          ]
        }
      ]
    },
    {
      "mode": "managed",
      "type": "yandex_vpc_network",
      "name": "network-1",
      "provider": "provider[\"registry.terraform.io/yandex-cloud/yandex\"]",
      "instances": [
        {
          "schema_version": 0,
          "attributes": {
            "created_at": "2024-07-11T12:14:08Z",
            "default_security_group_id": "enp9uo1tq91s44qkhdlk",
            "description": "",
            "folder_id": "b1gmuide8sg5l7lprdbm",
            "id": "enpqsnius624ata7c4tb",
            "labels": {},
            "name": "network1",
            "subnet_ids": [],
            "timeouts": null
          },
          "sensitive_attributes": [],
          "private": "eyJlMmJmYjczMC1lY2FhLTExZTYtOGY4OC0zNDM2M2JjN2M0YzAiOnsiY3JlYXRlIjo2MDAwMDAwMDAwMCwiZGVsZXRlIjo2MDAwMDAwMDAwMCwidXBkYXRlIjo2MDAwMDAwMDAwMH19"
        }
      ]
    },
    {
      "mode": "managed",
      "type": "yandex_vpc_subnet",
      "name": "subnet-public",
      "provider": "provider[\"registry.terraform.io/yandex-cloud/yandex\"]",
      "instances": [
        {
          "schema_version": 0,
          "attributes": {
            "created_at": "2024-07-11T12:14:10Z",
            "description": "",
            "dhcp_options": [],
            "folder_id": "b1gmuide8sg5l7lprdbm",
            "id": "e9b3egsj34t6r2kvk683",
            "labels": {},
            "name": "public",
            "network_id": "enpqsnius624ata7c4tb",
            "route_table_id": "",
            "timeouts": null,
            "v4_cidr_blocks": [
              "192.168.10.0/24"
            ],
            "v6_cidr_blocks": [],
            "zone": "ru-central1-a"
          },
          "sensitive_attributes": [],
          "private": "eyJlMmJmYjczMC1lY2FhLTExZTYtOGY4OC0zNDM2M2JjN2M0YzAiOnsiY3JlYXRlIjoxODAwMDAwMDAwMDAsImRlbGV0ZSI6MTgwMDAwMDAwMDAwLCJ1cGRhdGUiOjE4MDAwMDAwMDAwMH19",
          "dependencies": [
            "yandex_vpc_network.network-1"
          ]
        }
      ]
    }
  ],
  "check_results": null
}
